
Microsoft Visual Studio Solution File, Format Version 12.00
# Visual Studio 2012
Project("{FAE04EC0-301F-11D3-BF4B-00C04F79EFBC}") = "Debug", "Debug\Debug.csproj", "{26A4878C-6A52-4C6B-9434-9B9384F07649}"
EndProject
Project("{FAE04EC0-301F-11D3-BF4B-00C04F79EFBC}") = "Extensions", "Extensions\Extensions.csproj", "{47C4DDB0-B53C-4343-812A-F80FD5A7F404}"
EndProject
Project("{FAE04EC0-301F-11D3-BF4B-00C04F79EFBC}") = "Collections", "Collections\Collections.csproj", "{D504B6D7-9371-4124-8A30-A365447DC4C4}"
EndProject
Project("{FAE04EC0-301F-11D3-BF4B-00C04F79EFBC}") = "Time", "Time\Time.csproj", "{F574B218-9A05-4893-9D41-D78889B1273D}"
EndProject
Global
	GlobalSection(SolutionConfigurationPlatforms) = preSolution
		Debug|Any CPU = Debug|Any CPU
		Release|Any CPU = Release|Any CPU
	EndGlobalSection
	GlobalSection(ProjectConfigurationPlatforms) = postSolution
		{26A4878C-6A52-4C6B-9434-9B9384F07649}.Debug|Any CPU.ActiveCfg = Debug|Any CPU
		{26A4878C-6A52-4C6B-9434-9B9384F07649}.Debug|Any CPU.Build.0 = Debug|Any CPU
		{26A4878C-6A52-4C6B-9434-9B9384F07649}.Release|Any CPU.ActiveCfg = Release|Any CPU
		{26A4878C-6A52-4C6B-9434-9B9384F07649}.Release|Any CPU.Build.0 = Release|Any CPU
		{47C4DDB0-B53C-4343-812A-F80FD5A7F404}.Debug|Any CPU.ActiveCfg = Debug|Any CPU
		{47C4DDB0-B53C-4343-812A-F80FD5A7F404}.Debug|Any CPU.Build.0 = Debug|Any CPU
		{47C4DDB0-B53C-4343-812A-F80FD5A7F404}.Release|Any CPU.ActiveCfg = Release|Any CPU
		{47C4DDB0-B53C-4343-812A-F80FD5A7F404}.Release|Any CPU.Build.0 = Release|Any CPU
		{D504B6D7-9371-4124-8A30-A365447DC4C4}.Debug|Any CPU.ActiveCfg = Debug|Any CPU
		{D504B6D7-9371-4124-8A30-A365447DC4C4}.Debug|Any CPU.Build.0 = Debug|Any CPU
		{D504B6D7-9371-4124-8A30-A365447DC4C4}.Release|Any CPU.ActiveCfg = Release|Any CPU
		{D504B6D7-9371-4124-8A30-A365447DC4C4}.Release|Any CPU.Build.0 = Release|Any CPU
		{F574B218-9A05-4893-9D41-D78889B1273D}.Debug|Any CPU.ActiveCfg = Debug|Any CPU
		{F574B218-9A05-4893-9D41-D78889B1273D}.Debug|Any CPU.Build.0 = Debug|Any CPU
		{F574B218-9A05-4893-9D41-D78889B1273D}.Release|Any CPU.ActiveCfg = Release|Any CPU
		{F574B218-9A05-4893-9D41-D78889B1273D}.Release|Any CPU.Build.0 = Release|Any CPU
	EndGlobalSection
EndGlobal
